Microsoft Visual Studio Solution File, Format Version 12.00
# Visual Studio Version 17
VisualStudioVersion = 17.5.2.0
MinimumVisualStudioVersion = 10.0.40219.1
Project("{FAE04EC0-301F-11D3-BF4B-00C04F79EFBC}") = "FlightApi", "FlightApi.csproj", "{C2982FBE-1735-7F1D-61F6-451E809FBC58}"
EndProject
Global
	GlobalSection(SolutionConfigurationPlatforms) = preSolution
		Debug|Any CPU = Debug|Any CPU
		Release|Any CPU = Release|Any CPU
	EndGlobalSection
	GlobalSection(ProjectConfigurationPlatforms) = postSolution
		{C2982FBE-1735-7F1D-61F6-451E809FBC58}.Debug|Any CPU.ActiveCfg = Debug|Any CPU
		{C2982FBE-1735-7F1D-61F6-451E809FBC58}.Debug|Any CPU.Build.0 = Debug|Any CPU
		{C2982FBE-1735-7F1D-61F6-451E809FBC58}.Release|Any CPU.ActiveCfg = Release|Any CPU
		{C2982FBE-1735-7F1D-61F6-451E809FBC58}.Release|Any CPU.Build.0 = Release|Any CPU
	EndGlobalSection
	GlobalSection(SolutionProperties) = preSolution
		HideSolutionNode = FALSE
	EndGlobalSection
	GlobalSection(ExtensibilityGlobals) = postSolution
		SolutionGuid = {61145C85-993B-4570-9298-E53724B9A358}
	EndGlobalSection
EndGlobal
